
Microsoft Visual Studio Solution File, Format Version 12.00
# Visual Studio Version 16
VisualStudioVersion = 16.0.32929.386
MinimumVisualStudioVersion = 10.0.40219.1
Project("{FAE04EC0-301F-11D3-BF4B-00C04F79EFBC}") = "Hello_World", "Hacker_Rankl_Solution\Hello_World.csproj", "{93A94B97-FD0F-486D-B58E-C4DFDED2737D}"
EndProject
Project("{FAE04EC0-301F-11D3-BF4B-00C04F79EFBC}") = "DataTypes", "DataTypes\DataTypes.csproj", "{648486A4-A0AE-4C42-98E8-50D6A271B480}"
EndProject
Project("{FAE04EC0-301F-11D3-BF4B-00C04F79EFBC}") = "Operators", "Operators\Operators.csproj", "{112CB80E-E3EA-48BB-B63B-D6AD33CFF23B}"
EndProject
Project("{FAE04EC0-301F-11D3-BF4B-00C04F79EFBC}") = "Intro_To_Conditional_Statements", "Intro_To_Conditional_Statements\Intro_To_Conditional_Statements.csproj", "{59131F56-A40D-4A72-83F5-C2D273E06960}"
EndProject
Project("{FAE04EC0-301F-11D3-BF4B-00C04F79EFBC}") = "ClassVsInstance", "ClassVsInstance\ClassVsInstance.csproj", "{F6D560DF-58F0-4EFC-94B5-59AED4E0B54A}"
EndProject
Project("{FAE04EC0-301F-11D3-BF4B-00C04F79EFBC}") = "Loops", "Loops\Loops.csproj", "{895F7A59-06CC-41C1-B808-ACF175990517}"
EndProject
Project("{FAE04EC0-301F-11D3-BF4B-00C04F79EFBC}") = "Lets_Review", "Let\Lets_Review.csproj", "{083459DA-4427-40F2-80BE-983BCAAEC7A1}"
EndProject
Project("{FAE04EC0-301F-11D3-BF4B-00C04F79EFBC}") = "ReverseArray", "ReverseArray\ReverseArray.csproj", "{A53E6764-0B37-4E41-817B-8EC1146107FD}"
EndProject
Project("{FAE04EC0-301F-11D3-BF4B-00C04F79EFBC}") = "Dictionaries_Maps", "Dictionaries_Maps\Dictionaries_Maps.csproj", "{268830A8-C8E3-4AD3-936F-2D7C68A82C4A}"
EndProject
Project("{FAE04EC0-301F-11D3-BF4B-00C04F79EFBC}") = "TripletsConsecutive", "Test3TRryplets\TripletsConsecutive.csproj", "{ED959858-A472-44BD-A893-8888280ED516}"
EndProject
Project("{FAE04EC0-301F-11D3-BF4B-00C04F79EFBC}") = "Factorial_Of_Number", "Factorial_Of_Number\Factorial_Of_Number.csproj", "{D3F35388-30C7-4C55-AEB4-1046BEFC7F2B}"
EndProject
Project("{FAE04EC0-301F-11D3-BF4B-00C04F79EFBC}") = "Subarray_Division", "Subarray_Division\Subarray_Division.csproj", "{A739A730-1E83-42F8-ADDE-E9A0410F40CA}"
EndProject
Project("{FAE04EC0-301F-11D3-BF4B-00C04F79EFBC}") = "Binary_Numbers", "Binary_Numbers\Binary_Numbers.csproj", "{B4354C15-0214-415E-AB76-C2816517D5F4}"
EndProject
Project("{FAE04EC0-301F-11D3-BF4B-00C04F79EFBC}") = "DivisibleSumPairs", "DivisibleSumPairs\DivisibleSumPairs.csproj", "{C9DD860F-AB1D-41CA-82B2-CEE0CD5B14C7}"
EndProject
Project("{FAE04EC0-301F-11D3-BF4B-00C04F79EFBC}") = "Palindrome_String_Int", "Palindrome_String_Int\Palindrome_String_Int.csproj", "{7636E08C-3E3F-4C1F-AC9F-C6381A158C63}"
EndProject
Project("{FAE04EC0-301F-11D3-BF4B-00C04F79EFBC}") = "Sales_By_Match", "Sales_By_Match\Sales_By_Match.csproj", "{5076128A-6146-450B-AB05-0BD6B625DBB0}"
EndProject
Project("{FAE04EC0-301F-11D3-BF4B-00C04F79EFBC}") = "Inheritance", "Inheritance\Inheritance.csproj", "{C4C5EB8C-8218-4F67-B5CD-AEAF0D718A45}"
EndProject
Project("{FAE04EC0-301F-11D3-BF4B-00C04F79EFBC}") = "Abstract_Classes", "Abstract_Classes\Abstract_Classes.csproj", "{6E7698EC-E86E-4F34-BE3F-A69DDDE9F1E0}"
EndProject
Project("{FAE04EC0-301F-11D3-BF4B-00C04F79EFBC}") = "Cat_Mouse", "Cat_Mouse\Cat_Mouse.csproj", "{C627D557-FEEB-4EAC-984C-87AC44D78311}"
EndProject
Project("{FAE04EC0-301F-11D3-BF4B-00C04F79EFBC}") = "Scope", "Scope\Scope.csproj", "{C6DCF528-7410-4814-94F0-4FAAA2FA2793}"
EndProject
Project("{FAE04EC0-301F-11D3-BF4B-00C04F79EFBC}") = "Linked_List", "Linked_List\Linked_List.csproj", "{91268615-D0EA-4C16-8595-21AA373C3C6D}"
EndProject
Project("{FAE04EC0-301F-11D3-BF4B-00C04F79EFBC}") = "Drawing_Book", "Drawing_Book\Drawing_Book.csproj", "{A5028777-A738-4008-9254-F65B0E309C26}"
EndProject
Project("{FAE04EC0-301F-11D3-BF4B-00C04F79EFBC}") = "Exceptions_StringToInteger", "Exceptions_StringToInteger\Exceptions_StringToInteger.csproj", "{357980FC-BC64-4ABD-92A6-CE090FB37B89}"
EndProject
Project("{FAE04EC0-301F-11D3-BF4B-00C04F79EFBC}") = "Bill_Division", "Bill_Division\Bill_Division.csproj", "{BD94AA55-0B81-4621-B150-15926519810B}"
EndProject
Project("{FAE04EC0-301F-11D3-BF4B-00C04F79EFBC}") = "Queue_Stack_Palindrome", "Queue_Stack_Palindrome\Queue_Stack_Palindrome.csproj", "{9DE7E8A5-47D6-4521-8C72-623D2EABE2C0}"
EndProject
Project("{FAE04EC0-301F-11D3-BF4B-00C04F79EFBC}") = "Interfaces", "Interfaces\Interfaces.csproj", "{72569FE2-B65D-4278-AD45-124DE950EA82}"
EndProject
Project("{FAE04EC0-301F-11D3-BF4B-00C04F79EFBC}") = "Sorting", "Sorting\Sorting.csproj", "{F4505D19-9AB9-433D-BD42-3E1FE3D365B2}"
EndProject
Project("{FAE04EC0-301F-11D3-BF4B-00C04F79EFBC}") = "Generics", "Generics\Generics.csproj", "{88F0585A-E51F-46D3-8418-69FAC2DD6527}"
EndProject
Project("{FAE04EC0-301F-11D3-BF4B-00C04F79EFBC}") = "Binary_Search_Threes", "Binary_Search_Threes\Binary_Search_Threes.csproj", "{E9035889-0CCC-4FAA-9FCA-36E6491F79E7}"
EndProject
Project("{FAE04EC0-301F-11D3-BF4B-00C04F79EFBC}") = "BST_Level-Order_Traversal", "BST_Level-Order_Traversal\BST_Level-Order_Traversal.csproj", "{A9DE65F3-05DF-46BA-9889-02C455584B3B}"
EndProject
Project("{FAE04EC0-301F-11D3-BF4B-00C04F79EFBC}") = "Nested_Logic", "Nested_Logic\Nested_Logic.csproj", "{B2889F13-4EB4-413A-A496-A2077AE80B2D}"
EndProject
Project("{FAE04EC0-301F-11D3-BF4B-00C04F79EFBC}") = "Beautiful_Days_at_the_Movies", "Beautiful_Days_at_the_Movies\Beautiful_Days_at_the_Movies.csproj", "{0DF44B6C-8653-480A-B064-A0305710171C}"
EndProject
Project("{FAE04EC0-301F-11D3-BF4B-00C04F79EFBC}") = "Electronic_Shop", "Electronic_Shop\Electronic_Shop.csproj", "{5ABFAB10-F5D2-4B83-B397-6DBF07B56047}"
EndProject
Global
	GlobalSection(SolutionConfigurationPlatforms) = preSolution
		Debug|Any CPU = Debug|Any CPU
		Release|Any CPU = Release|Any CPU
	EndGlobalSection
	GlobalSection(ProjectConfigurationPlatforms) = postSolution
		{93A94B97-FD0F-486D-B58E-C4DFDED2737D}.Debug|Any CPU.ActiveCfg = Debug|Any CPU
		{93A94B97-FD0F-486D-B58E-C4DFDED2737D}.Debug|Any CPU.Build.0 = Debug|Any CPU
		{93A94B97-FD0F-486D-B58E-C4DFDED2737D}.Release|Any CPU.ActiveCfg = Release|Any CPU
		{93A94B97-FD0F-486D-B58E-C4DFDED2737D}.Release|Any CPU.Build.0 = Release|Any CPU
		{648486A4-A0AE-4C42-98E8-50D6A271B480}.Debug|Any CPU.ActiveCfg = Debug|Any CPU
		{648486A4-A0AE-4C42-98E8-50D6A271B480}.Debug|Any CPU.Build.0 = Debug|Any CPU
		{648486A4-A0AE-4C42-98E8-50D6A271B480}.Release|Any CPU.ActiveCfg = Release|Any CPU
		{648486A4-A0AE-4C42-98E8-50D6A271B480}.Release|Any CPU.Build.0 = Release|Any CPU
		{112CB80E-E3EA-48BB-B63B-D6AD33CFF23B}.Debug|Any CPU.ActiveCfg = Debug|Any CPU
		{112CB80E-E3EA-48BB-B63B-D6AD33CFF23B}.Debug|Any CPU.Build.0 = Debug|Any CPU
		{112CB80E-E3EA-48BB-B63B-D6AD33CFF23B}.Release|Any CPU.ActiveCfg = Release|Any CPU
		{112CB80E-E3EA-48BB-B63B-D6AD33CFF23B}.Release|Any CPU.Build.0 = Release|Any CPU
		{59131F56-A40D-4A72-83F5-C2D273E06960}.Debug|Any CPU.ActiveCfg = Debug|Any CPU
		{59131F56-A40D-4A72-83F5-C2D273E06960}.Debug|Any CPU.Build.0 = Debug|Any CPU
		{59131F56-A40D-4A72-83F5-C2D273E06960}.Release|Any CPU.ActiveCfg = Release|Any CPU
		{59131F56-A40D-4A72-83F5-C2D273E06960}.Release|Any CPU.Build.0 = Release|Any CPU
		{F6D560DF-58F0-4EFC-94B5-59AED4E0B54A}.Debug|Any CPU.ActiveCfg = Debug|Any CPU
		{F6D560DF-58F0-4EFC-94B5-59AED4E0B54A}.Debug|Any CPU.Build.0 = Debug|Any CPU
		{F6D560DF-58F0-4EFC-94B5-59AED4E0B54A}.Release|Any CPU.ActiveCfg = Release|Any CPU
		{F6D560DF-58F0-4EFC-94B5-59AED4E0B54A}.Release|Any CPU.Build.0 = Release|Any CPU
		{895F7A59-06CC-41C1-B808-ACF175990517}.Debug|Any CPU.ActiveCfg = Debug|Any CPU
		{895F7A59-06CC-41C1-B808-ACF175990517}.Debug|Any CPU.Build.0 = Debug|Any CPU
		{895F7A59-06CC-41C1-B808-ACF175990517}.Release|Any CPU.ActiveCfg = Release|Any CPU
		{895F7A59-06CC-41C1-B808-ACF175990517}.Release|Any CPU.Build.0 = Release|Any CPU
		{083459DA-4427-40F2-80BE-983BCAAEC7A1}.Debug|Any CPU.ActiveCfg = Debug|Any CPU
		{083459DA-4427-40F2-80BE-983BCAAEC7A1}.Debug|Any CPU.Build.0 = Debug|Any CPU
		{083459DA-4427-40F2-80BE-983BCAAEC7A1}.Release|Any CPU.ActiveCfg = Release|Any CPU
		{083459DA-4427-40F2-80BE-983BCAAEC7A1}.Release|Any CPU.Build.0 = Release|Any CPU
		{A53E6764-0B37-4E41-817B-8EC1146107FD}.Debug|Any CPU.ActiveCfg = Debug|Any CPU
		{A53E6764-0B37-4E41-817B-8EC1146107FD}.Debug|Any CPU.Build.0 = Debug|Any CPU
		{A53E6764-0B37-4E41-817B-8EC1146107FD}.Release|Any CPU.ActiveCfg = Release|Any CPU
		{A53E6764-0B37-4E41-817B-8EC1146107FD}.Release|Any CPU.Build.0 = Release|Any CPU
		{268830A8-C8E3-4AD3-936F-2D7C68A82C4A}.Debug|Any CPU.ActiveCfg = Debug|Any CPU
		{268830A8-C8E3-4AD3-936F-2D7C68A82C4A}.Debug|Any CPU.Build.0 = Debug|Any CPU
		{268830A8-C8E3-4AD3-936F-2D7C68A82C4A}.Release|Any CPU.ActiveCfg = Release|Any CPU
		{268830A8-C8E3-4AD3-936F-2D7C68A82C4A}.Release|Any CPU.Build.0 = Release|Any CPU
		{ED959858-A472-44BD-A893-8888280ED516}.Debug|Any CPU.ActiveCfg = Debug|Any CPU
		{ED959858-A472-44BD-A893-8888280ED516}.Debug|Any CPU.Build.0 = Debug|Any CPU
		{ED959858-A472-44BD-A893-8888280ED516}.Release|Any CPU.ActiveCfg = Release|Any CPU
		{ED959858-A472-44BD-A893-8888280ED516}.Release|Any CPU.Build.0 = Release|Any CPU
		{D3F35388-30C7-4C55-AEB4-1046BEFC7F2B}.Debug|Any CPU.ActiveCfg = Debug|Any CPU
		{D3F35388-30C7-4C55-AEB4-1046BEFC7F2B}.Debug|Any CPU.Build.0 = Debug|Any CPU
		{D3F35388-30C7-4C55-AEB4-1046BEFC7F2B}.Release|Any CPU.ActiveCfg = Release|Any CPU
		{D3F35388-30C7-4C55-AEB4-1046BEFC7F2B}.Release|Any CPU.Build.0 = Release|Any CPU
		{A739A730-1E83-42F8-ADDE-E9A0410F40CA}.Debug|Any CPU.ActiveCfg = Debug|Any CPU
		{A739A730-1E83-42F8-ADDE-E9A0410F40CA}.Debug|Any CPU.Build.0 = Debug|Any CPU
		{A739A730-1E83-42F8-ADDE-E9A0410F40CA}.Release|Any CPU.ActiveCfg = Release|Any CPU
		{A739A730-1E83-42F8-ADDE-E9A0410F40CA}.Release|Any CPU.Build.0 = Release|Any CPU
		{B4354C15-0214-415E-AB76-C2816517D5F4}.Debug|Any CPU.ActiveCfg = Debug|Any CPU
		{B4354C15-0214-415E-AB76-C2816517D5F4}.Debug|Any CPU.Build.0 = Debug|Any CPU
		{B4354C15-0214-415E-AB76-C2816517D5F4}.Release|Any CPU.ActiveCfg = Release|Any CPU
		{B4354C15-0214-415E-AB76-C2816517D5F4}.Release|Any CPU.Build.0 = Release|Any CPU
		{C9DD860F-AB1D-41CA-82B2-CEE0CD5B14C7}.Debug|Any CPU.ActiveCfg = Debug|Any CPU
		{C9DD860F-AB1D-41CA-82B2-CEE0CD5B14C7}.Debug|Any CPU.Build.0 = Debug|Any CPU
		{C9DD860F-AB1D-41CA-82B2-CEE0CD5B14C7}.Release|Any CPU.ActiveCfg = Release|Any CPU
		{C9DD860F-AB1D-41CA-82B2-CEE0CD5B14C7}.Release|Any CPU.Build.0 = Release|Any CPU
		{7636E08C-3E3F-4C1F-AC9F-C6381A158C63}.Debug|Any CPU.ActiveCfg = Debug|Any CPU
		{7636E08C-3E3F-4C1F-AC9F-C6381A158C63}.Debug|Any CPU.Build.0 = Debug|Any CPU
		{7636E08C-3E3F-4C1F-AC9F-C6381A158C63}.Release|Any CPU.ActiveCfg = Release|Any CPU
		{7636E08C-3E3F-4C1F-AC9F-C6381A158C63}.Release|Any CPU.Build.0 = Release|Any CPU
		{5076128A-6146-450B-AB05-0BD6B625DBB0}.Debug|Any CPU.ActiveCfg = Debug|Any CPU
		{5076128A-6146-450B-AB05-0BD6B625DBB0}.Debug|Any CPU.Build.0 = Debug|Any CPU
		{5076128A-6146-450B-AB05-0BD6B625DBB0}.Release|Any CPU.ActiveCfg = Release|Any CPU
		{5076128A-6146-450B-AB05-0BD6B625DBB0}.Release|Any CPU.Build.0 = Release|Any CPU
		{C4C5EB8C-8218-4F67-B5CD-AEAF0D718A45}.Debug|Any CPU.ActiveCfg = Debug|Any CPU
		{C4C5EB8C-8218-4F67-B5CD-AEAF0D718A45}.Debug|Any CPU.Build.0 = Debug|Any CPU
		{C4C5EB8C-8218-4F67-B5CD-AEAF0D718A45}.Release|Any CPU.ActiveCfg = Release|Any CPU
		{C4C5EB8C-8218-4F67-B5CD-AEAF0D718A45}.Release|Any CPU.Build.0 = Release|Any CPU
		{6E7698EC-E86E-4F34-BE3F-A69DDDE9F1E0}.Debug|Any CPU.ActiveCfg = Debug|Any CPU
		{6E7698EC-E86E-4F34-BE3F-A69DDDE9F1E0}.Debug|Any CPU.Build.0 = Debug|Any CPU
		{6E7698EC-E86E-4F34-BE3F-A69DDDE9F1E0}.Release|Any CPU.ActiveCfg = Release|Any CPU
		{6E7698EC-E86E-4F34-BE3F-A69DDDE9F1E0}.Release|Any CPU.Build.0 = Release|Any CPU
		{C627D557-FEEB-4EAC-984C-87AC44D78311}.Debug|Any CPU.ActiveCfg = Debug|Any CPU
		{C627D557-FEEB-4EAC-984C-87AC44D78311}.Debug|Any CPU.Build.0 = Debug|Any CPU
		{C627D557-FEEB-4EAC-984C-87AC44D78311}.Release|Any CPU.ActiveCfg = Release|Any CPU
		{C627D557-FEEB-4EAC-984C-87AC44D78311}.Release|Any CPU.Build.0 = Release|Any CPU
		{C6DCF528-7410-4814-94F0-4FAAA2FA2793}.Debug|Any CPU.ActiveCfg = Debug|Any CPU
		{C6DCF528-7410-4814-94F0-4FAAA2FA2793}.Debug|Any CPU.Build.0 = Debug|Any CPU
		{C6DCF528-7410-4814-94F0-4FAAA2FA2793}.Release|Any CPU.ActiveCfg = Release|Any CPU
		{C6DCF528-7410-4814-94F0-4FAAA2FA2793}.Release|Any CPU.Build.0 = Release|Any CPU
		{91268615-D0EA-4C16-8595-21AA373C3C6D}.Debug|Any CPU.ActiveCfg = Debug|Any CPU
		{91268615-D0EA-4C16-8595-21AA373C3C6D}.Debug|Any CPU.Build.0 = Debug|Any CPU
		{91268615-D0EA-4C16-8595-21AA373C3C6D}.Release|Any CPU.ActiveCfg = Release|Any CPU
		{91268615-D0EA-4C16-8595-21AA373C3C6D}.Release|Any CPU.Build.0 = Release|Any CPU
		{A5028777-A738-4008-9254-F65B0E309C26}.Debug|Any CPU.ActiveCfg = Debug|Any CPU
		{A5028777-A738-4008-9254-F65B0E309C26}.Debug|Any CPU.Build.0 = Debug|Any CPU
		{A5028777-A738-4008-9254-F65B0E309C26}.Release|Any CPU.ActiveCfg = Release|Any CPU
		{A5028777-A738-4008-9254-F65B0E309C26}.Release|Any CPU.Build.0 = Release|Any CPU
		{357980FC-BC64-4ABD-92A6-CE090FB37B89}.Debug|Any CPU.ActiveCfg = Debug|Any CPU
		{357980FC-BC64-4ABD-92A6-CE090FB37B89}.Debug|Any CPU.Build.0 = Debug|Any CPU
		{357980FC-BC64-4ABD-92A6-CE090FB37B89}.Release|Any CPU.ActiveCfg = Release|Any CPU
		{357980FC-BC64-4ABD-92A6-CE090FB37B89}.Release|Any CPU.Build.0 = Release|Any CPU
		{BD94AA55-0B81-4621-B150-15926519810B}.Debug|Any CPU.ActiveCfg = Debug|Any CPU
		{BD94AA55-0B81-4621-B150-15926519810B}.Debug|Any CPU.Build.0 = Debug|Any CPU
		{BD94AA55-0B81-4621-B150-15926519810B}.Release|Any CPU.ActiveCfg = Release|Any CPU
		{BD94AA55-0B81-4621-B150-15926519810B}.Release|Any CPU.Build.0 = Release|Any CPU
		{9DE7E8A5-47D6-4521-8C72-623D2EABE2C0}.Debug|Any CPU.ActiveCfg = Debug|Any CPU
		{9DE7E8A5-47D6-4521-8C72-623D2EABE2C0}.Debug|Any CPU.Build.0 = Debug|Any CPU
		{9DE7E8A5-47D6-4521-8C72-623D2EABE2C0}.Release|Any CPU.ActiveCfg = Release|Any CPU
		{9DE7E8A5-47D6-4521-8C72-623D2EABE2C0}.Release|Any CPU.Build.0 = Release|Any CPU
		{72569FE2-B65D-4278-AD45-124DE950EA82}.Debug|Any CPU.ActiveCfg = Debug|Any CPU
		{72569FE2-B65D-4278-AD45-124DE950EA82}.Debug|Any CPU.Build.0 = Debug|Any CPU
		{72569FE2-B65D-4278-AD45-124DE950EA82}.Release|Any CPU.ActiveCfg = Release|Any CPU
		{72569FE2-B65D-4278-AD45-124DE950EA82}.Release|Any CPU.Build.0 = Release|Any CPU
		{F4505D19-9AB9-433D-BD42-3E1FE3D365B2}.Debug|Any CPU.ActiveCfg = Debug|Any CPU
		{F4505D19-9AB9-433D-BD42-3E1FE3D365B2}.Debug|Any CPU.Build.0 = Debug|Any CPU
		{F4505D19-9AB9-433D-BD42-3E1FE3D365B2}.Release|Any CPU.ActiveCfg = Release|Any CPU
		{F4505D19-9AB9-433D-BD42-3E1FE3D365B2}.Release|Any CPU.Build.0 = Release|Any CPU
		{88F0585A-E51F-46D3-8418-69FAC2DD6527}.Debug|Any CPU.ActiveCfg = Debug|Any CPU
		{88F0585A-E51F-46D3-8418-69FAC2DD6527}.Debug|Any CPU.Build.0 = Debug|Any CPU
		{88F0585A-E51F-46D3-8418-69FAC2DD6527}.Release|Any CPU.ActiveCfg = Release|Any CPU
		{88F0585A-E51F-46D3-8418-69FAC2DD6527}.Release|Any CPU.Build.0 = Release|Any CPU
		{E9035889-0CCC-4FAA-9FCA-36E6491F79E7}.Debug|Any CPU.ActiveCfg = Debug|Any CPU
		{E9035889-0CCC-4FAA-9FCA-36E6491F79E7}.Debug|Any CPU.Build.0 = Debug|Any CPU
		{E9035889-0CCC-4FAA-9FCA-36E6491F79E7}.Release|Any CPU.ActiveCfg = Release|Any CPU
		{E9035889-0CCC-4FAA-9FCA-36E6491F79E7}.Release|Any CPU.Build.0 = Release|Any CPU
		{A9DE65F3-05DF-46BA-9889-02C455584B3B}.Debug|Any CPU.ActiveCfg = Debug|Any CPU
		{A9DE65F3-05DF-46BA-9889-02C455584B3B}.Debug|Any CPU.Build.0 = Debug|Any CPU
		{A9DE65F3-05DF-46BA-9889-02C455584B3B}.Release|Any CPU.ActiveCfg = Release|Any CPU
		{A9DE65F3-05DF-46BA-9889-02C455584B3B}.Release|Any CPU.Build.0 = Release|Any CPU
		{B2889F13-4EB4-413A-A496-A2077AE80B2D}.Debug|Any CPU.ActiveCfg = Debug|Any CPU
		{B2889F13-4EB4-413A-A496-A2077AE80B2D}.Debug|Any CPU.Build.0 = Debug|Any CPU
		{B2889F13-4EB4-413A-A496-A2077AE80B2D}.Release|Any CPU.ActiveCfg = Release|Any CPU
		{B2889F13-4EB4-413A-A496-A2077AE80B2D}.Release|Any CPU.Build.0 = Release|Any CPU
		{0DF44B6C-8653-480A-B064-A0305710171C}.Debug|Any CPU.ActiveCfg = Debug|Any CPU
		{0DF44B6C-8653-480A-B064-A0305710171C}.Debug|Any CPU.Build.0 = Debug|Any CPU
		{0DF44B6C-8653-480A-B064-A0305710171C}.Release|Any CPU.ActiveCfg = Release|Any CPU
		{0DF44B6C-8653-480A-B064-A0305710171C}.Release|Any CPU.Build.0 = Release|Any CPU
		{5ABFAB10-F5D2-4B83-B397-6DBF07B56047}.Debug|Any CPU.ActiveCfg = Debug|Any CPU
		{5ABFAB10-F5D2-4B83-B397-6DBF07B56047}.Debug|Any CPU.Build.0 = Debug|Any CPU
		{5ABFAB10-F5D2-4B83-B397-6DBF07B56047}.Release|Any CPU.ActiveCfg = Release|Any CPU
		{5ABFAB10-F5D2-4B83-B397-6DBF07B56047}.Release|Any CPU.Build.0 = Release|Any CPU
	EndGlobalSection
	GlobalSection(SolutionProperties) = preSolution
		HideSolutionNode = FALSE
	EndGlobalSection
	GlobalSection(ExtensibilityGlobals) = postSolution
		SolutionGuid = {0541BEB3-C667-4FC8-92A7-918DB3040FB8}
	EndGlobalSection
EndGlobal
